# This file is automatically @generated by Poetry 2.1.2 and should not be changed by hand.

[[package]]
name = "evdev"
version = "1.5.0"
description = "Bindings to the Linux input handling subsystem"
optional = true
python-versions = "*"
groups = ["main"]
markers = "extra == \"v-two\" and sys_platform in \"linux\""
files = [
    {file = "evdev-1.5.0.tar.gz", hash = "sha256:5b33b174f7c84576e7dd6071e438bf5ad227da95efd4356a39fe4c8355412fe6"},
]

[[package]]
name = "maya-stubs"
version = "0.4.1"
description = "Type Annotated Stubs for Autodesk Maya's python APIs"
optional = false
python-versions = ">=2.7, !=3.0.*, !=3.1.*, !=3.2.*, !=3.3.*, !=3.4.*, !=3.5.*, !=3.6.*"
groups = ["dev"]
files = [
    {file = "maya_stubs-0.4.1-py2.py3-none-any.whl", hash = "sha256:d17e4b5bfced49d333991a1df0815c3eb159fce88fce0b23cb5e10d53d3480a7"},
    {file = "maya_stubs-0.4.1.tar.gz", hash = "sha256:d9b8c515da2a446fdc493853a7dacb2758183208aef2f6f13e190c3d009cc8d5"},
]

[[package]]
name = "pynput"
version = "1.7.6"
description = "Monitor and control user input devices"
optional = true
python-versions = "*"
groups = ["main"]
markers = "extra == \"v-two\""
files = [
    {file = "pynput-1.7.6-py2.py3-none-any.whl", hash = "sha256:19861b2a0c430d646489852f89500e0c9332e295f2c020e7c2775e7046aa2e2f"},
    {file = "pynput-1.7.6.tar.gz", hash = "sha256:3a5726546da54116b687785d38b1db56997ce1d28e53e8d22fc656d8b92e533c"},
]

[package.dependencies]
evdev = {version = ">=1.3", markers = "sys_platform in \"linux\""}
pyobjc-framework-ApplicationServices = {version = ">=8.0", markers = "sys_platform == \"darwin\""}
pyobjc-framework-Quartz = {version = ">=8.0", markers = "sys_platform == \"darwin\""}
python-xlib = {version = ">=0.17", markers = "sys_platform in \"linux\""}
six = "*"

[[package]]
name = "pyobjc-core"
version = "8.4.1"
description = "Python<->ObjC Interoperability Module"
optional = true
python-versions = ">=3.6"
groups = ["main"]
markers = "extra == \"v-two\" and sys_platform == \"darwin\""
files = [
    {file = "pyobjc-core-8.4.1.tar.gz", hash = "sha256:df98669e957adb33566d9ef46773a5ac876a81afe8849c282d6a80448e35dd74"},
    {file = "pyobjc_core-8.4.1-cp310-cp310-macosx_10_9_universal2.whl", hash = "sha256:9a89cac910fbd64728fe7ec0c7a3a7cf20959bc1d7e2f41db4d7800556e47745"},
    {file = "pyobjc_core-8.4.1-cp36-cp36m-macosx_10_9_x86_64.whl", hash = "sha256:2cf1d4348cb99fcba04fa38199a46e35263b2fe7bb66e6dfbd4f19bc2602998d"},
    {file = "pyobjc_core-8.4.1-cp37-cp37m-macosx_10_9_x86_64.whl", hash = "sha256:a130324b25c0f5f4cfe30b6a28b8e70865d6e1eee158caababb603906ef431d2"},
    {file = "pyobjc_core-8.4.1-cp38-cp38-macosx_10_9_x86_64.whl", hash = "sha256:c31195d1a8f00da99abf79643f902d09c709dbbe9c9b6feb6b585303c57d720c"},
    {file = "pyobjc_core-8.4.1-cp38-cp38-macosx_11_0_universal2.whl", hash = "sha256:e7fd2aefb53a96a8f688c8bb36c6ebd5446250a7251bfa6b688a045e05afc60b"},
    {file = "pyobjc_core-8.4.1-cp39-cp39-macosx_10_9_universal2.whl", hash = "sha256:b3191173ce268e23c84d84f036fc94c3a8749a6726fc7fe73baf27dbac14f7d0"},
]

[[package]]
name = "pyobjc-framework-applicationservices"
version = "8.4.1"
description = "Wrappers for the framework ApplicationServices on macOS"
optional = true
python-versions = ">=3.6"
groups = ["main"]
markers = "extra == \"v-two\" and sys_platform == \"darwin\""
files = [
    {file = "pyobjc-framework-ApplicationServices-8.4.1.tar.gz", hash = "sha256:b058466266412d2bf24b0303785c91538961367f26db616bf2f9f45c498a83a3"},
    {file = "pyobjc_framework_ApplicationServices-8.4.1-cp310-cp310-macosx_10_9_universal2.whl", hash = "sha256:362d178c624a617fc60c3a35397550193d82da9a59272b215cf1dc6fb68c011c"},
    {file = "pyobjc_framework_ApplicationServices-8.4.1-cp36-cp36m-macosx_10_9_x86_64.whl", hash = "sha256:41f0f6be6d343f91de92cab053be4a983e3936b364ca267a94c6e06bc34ff7fe"},
    {file = "pyobjc_framework_ApplicationServices-8.4.1-cp37-cp37m-macosx_10_9_x86_64.whl", hash = "sha256:73287b758a70a037b6e74a60036f4adb1677407dfeaddee94102074d92539e6e"},
    {file = "pyobjc_framework_ApplicationServices-8.4.1-cp38-cp38-macosx_10_9_x86_64.whl", hash = "sha256:287b541b66c5c931a11dde90d7be69ddd2e5c3624c2e980e679f5242ec3ee0da"},
    {file = "pyobjc_framework_ApplicationServices-8.4.1-cp38-cp38-macosx_11_0_universal2.whl", hash = "sha256:780fbe2e3b02237f79e2f5780094dd95b7308ecdb265c062b78a507b9564eb4d"},
    {file = "pyobjc_framework_ApplicationServices-8.4.1-cp39-cp39-macosx_10_9_universal2.whl", hash = "sha256:092c4835e73e5dab1f3c498511b28b2e96503671fc7c1bc25f732c5e687b7214"},
]

[package.dependencies]
pyobjc-core = ">=8.4.1"
pyobjc-framework-Cocoa = ">=8.4.1"
pyobjc-framework-Quartz = ">=8.4.1"

[[package]]
name = "pyobjc-framework-cocoa"
version = "8.4.1"
description = "Wrappers for the Cocoa frameworks on macOS"
optional = true
python-versions = ">=3.6"
groups = ["main"]
markers = "extra == \"v-two\" and sys_platform == \"darwin\""
files = [
    {file = "pyobjc-framework-Cocoa-8.4.1.tar.gz", hash = "sha256:dc596bac0f5d424f67944e95b2d0d7c94a07c4166359d7b4a4d4ae4f8e112822"},
    {file = "pyobjc_framework_Cocoa-8.4.1-cp310-cp310-macosx_10_9_universal2.whl", hash = "sha256:cfbe038a0108ae1b45f8f7067af70af5811b8352d2dc3d86a7bcb4484ff5d56e"},
    {file = "pyobjc_framework_Cocoa-8.4.1-cp36-cp36m-macosx_10_9_x86_64.whl", hash = "sha256:118225562064d991bafb41d0913899d6b3d723984d1888cb7181e4dba63b22c2"},
    {file = "pyobjc_framework_Cocoa-8.4.1-cp37-cp37m-macosx_10_9_x86_64.whl", hash = "sha256:d117a1eb24fd317e9f63792ac6a8703ed899de5d42e8a861c7bf885625668c31"},
    {file = "pyobjc_framework_Cocoa-8.4.1-cp38-cp38-macosx_10_9_x86_64.whl", hash = "sha256:3af8577acbd6b980d3b9270ec99bc0164f66ef8397351a72fcdee527f23c1a34"},
    {file = "pyobjc_framework_Cocoa-8.4.1-cp38-cp38-macosx_11_0_universal2.whl", hash = "sha256:91fdc964acb4dee4d37ae81fb603d48397739dbbfcc1eadbe0cdafaa8144b6e6"},
    {file = "pyobjc_framework_Cocoa-8.4.1-cp39-cp39-macosx_10_9_universal2.whl", hash = "sha256:197dd28668e786b55d7d4139afd85c285f780564ebbccc166e84a24be31de34f"},
]

[package.dependencies]
pyobjc-core = ">=8.4.1"

[[package]]
name = "pyobjc-framework-quartz"
version = "8.4.1"
description = "Wrappers for the Quartz frameworks on macOS"
optional = true
python-versions = ">=3.6"
groups = ["main"]
markers = "extra == \"v-two\" and sys_platform == \"darwin\""
files = [
    {file = "pyobjc-framework-Quartz-8.4.1.tar.gz", hash = "sha256:f8acebf0b526f0687e79ea6946e8f2528ced4ef02d0ed3fbf7116124b2749e52"},
    {file = "pyobjc_framework_Quartz-8.4.1-cp310-cp310-macosx_10_9_universal2.whl", hash = "sha256:a82d9eab3b2a6fca46602465f731815026d06e4fd0ba65b5b5211f1a0472b861"},
    {file = "pyobjc_framework_Quartz-8.4.1-cp36-cp36m-macosx_10_9_x86_64.whl", hash = "sha256:1bd0a506385141b81330464b6e2537a7056cdca56deb98222b6926a04f72a3e6"},
    {file = "pyobjc_framework_Quartz-8.4.1-cp37-cp37m-macosx_10_9_x86_64.whl", hash = "sha256:64cc616386b7a387dce53d3adb8c12a8461c2720861ab36aeeb53768cd0ba7e4"},
    {file = "pyobjc_framework_Quartz-8.4.1-cp38-cp38-macosx_10_9_x86_64.whl", hash = "sha256:a2dff998c4d1286998390f58a3131b99bdc9dbf5c3d881562b33f168098bbe2e"},
    {file = "pyobjc_framework_Quartz-8.4.1-cp38-cp38-macosx_11_0_universal2.whl", hash = "sha256:a98c58e1b265d5b413f5ecc6ec186b9e305fb6e37909d8b4b97fd681176f5f1c"},
    {file = "pyobjc_framework_Quartz-8.4.1-cp39-cp39-macosx_10_9_universal2.whl", hash = "sha256:39f55426ef883cbe12a53969f90886f71e2a94513c98cf3730efdf404cdc5c83"},
]

[package.dependencies]
pyobjc-core = ">=8.4.1"
pyobjc-framework-Cocoa = ">=8.4.1"

[[package]]
name = "pyside2"
version = "5.15.2.1"
description = "Python bindings for the Qt cross-platform application and UI framework"
optional = false
python-versions = ">=2.7, !=3.0.*, !=3.1.*, !=3.2.*, !=3.3.*, !=3.4.*, <3.11"
groups = ["dev"]
markers = "python_version < \"3.10\""
files = [
    {file = "PySide2-5.15.2.1-5.15.2-cp27-cp27m-macosx_10_13_intel.whl", hash = "sha256:b5e1d92f26b0bbaefff67727ccbb2e1b577f2c0164b349b3d6e80febb4c5bde2"},
    {file = "PySide2-5.15.2.1-5.15.2-cp27-cp27mu-manylinux1_x86_64.whl", hash = "sha256:235240b6ec8206d9fdf0232472c6ef3241783d480425e5b54796f06e39ed23da"},
    {file = "PySide2-5.15.2.1-5.15.2-cp35.cp36.cp37.cp38.cp39.cp310-abi3-macosx_10_13_intel.whl", hash = "sha256:a9e2e6bbcb5d2ebb421e46e72244a0f4fe0943b2288115f80a863aacc1de1f06"},
    {file = "PySide2-5.15.2.1-5.15.2-cp35.cp36.cp37.cp38.cp39.cp310-abi3-manylinux1_x86_64.whl", hash = "sha256:23886c6391ebd916e835fa1b5ae66938048504fd3a2934ae3189a96cd5ac0b46"},
    {file = "PySide2-5.15.2.1-5.15.2-cp35.cp36.cp37.cp38.cp39.cp310-none-win32.whl", hash = "sha256:439509e53cfe05abbf9a99422a2cbad086408b0f9bf5e6f642ff1b13b1f8b055"},
    {file = "PySide2-5.15.2.1-5.15.2-cp35.cp36.cp37.cp38.cp39.cp310-none-win_amd64.whl", hash = "sha256:af6b263fe63ba6dea7eaebae80aa7b291491fe66f4f0057c0aafe780cc83da9d"},
]

[package.dependencies]
shiboken2 = "5.15.2.1"

[[package]]
name = "pyside6"
version = "6.6.3.1"
description = "Python bindings for the Qt cross-platform application and UI framework"
optional = false
python-versions = "<3.13,>=3.8"
groups = ["dev"]
markers = "python_version >= \"3.10\""
files = [
    {file = "PySide6-6.6.3.1-cp38-abi3-macosx_11_0_universal2.whl", hash = "sha256:3d2ebb08a7744b59e1270e57f264a9ef5b45fccdc0328a9aeb50d890d6b3f4f2"},
    {file = "PySide6-6.6.3.1-cp38-abi3-manylinux_2_28_x86_64.whl", hash = "sha256:35936f06257e5c37ae8993da0cb5a528e5db3ea1fc2bb6b12cdf899a11510966"},
    {file = "PySide6-6.6.3.1-cp38-abi3-manylinux_2_31_aarch64.whl", hash = "sha256:f7acd26fe8e1a745ef0be66b49ee49ee8ae50c2a2855d9792db262ebc7916d98"},
    {file = "PySide6-6.6.3.1-cp38-abi3-win_amd64.whl", hash = "sha256:d993989a10725c856f5b07f25e0664c5059daa92c259549c9df0972b5b0c7935"},
]

[package.dependencies]
PySide6-Addons = "6.6.3.1"
PySide6-Essentials = "6.6.3.1"
shiboken6 = "6.6.3.1"

[[package]]
name = "pyside6-addons"
version = "6.6.3.1"
description = "Python bindings for the Qt cross-platform application and UI framework (Addons)"
optional = false
python-versions = "<3.13,>=3.8"
groups = ["dev"]
markers = "python_version >= \"3.10\""
files = [
    {file = "PySide6_Addons-6.6.3.1-cp38-abi3-macosx_11_0_universal2.whl", hash = "sha256:31135adc521ed6e3fdc8203507e7e9d72424d6b9ebd245d1189d991e90669d6a"},
    {file = "PySide6_Addons-6.6.3.1-cp38-abi3-manylinux_2_28_x86_64.whl", hash = "sha256:7373479565e5bd963b9662857c40c20768bc0b5853334e2076a62cb039e91f74"},
    {file = "PySide6_Addons-6.6.3.1-cp38-abi3-manylinux_2_31_aarch64.whl", hash = "sha256:3abdc1e21de0c6763e5392af5ed8b2349291318ce235e7c310d84a2f9d5001a9"},
    {file = "PySide6_Addons-6.6.3.1-cp38-abi3-win_amd64.whl", hash = "sha256:d8fbcd726dbf3e713e5d5ccc45ff0e1a9edfe336d7190c96cf7e7c7598681239"},
]

[package.dependencies]
PySide6-Essentials = "6.6.3.1"
shiboken6 = "6.6.3.1"

[[package]]
name = "pyside6-essentials"
version = "6.6.3.1"
description = "Python bindings for the Qt cross-platform application and UI framework (Essentials)"
optional = false
python-versions = "<3.13,>=3.8"
groups = ["dev"]
markers = "python_version >= \"3.10\""
files = [
    {file = "PySide6_Essentials-6.6.3.1-cp38-abi3-macosx_11_0_universal2.whl", hash = "sha256:6c16530b63079711783796584b640cc80a347e0b2dc12651aa2877265df7a008"},
    {file = "PySide6_Essentials-6.6.3.1-cp38-abi3-manylinux_2_28_x86_64.whl", hash = "sha256:1f41f357ce2384576581e76c9c3df1c4fa5b38e347f0bcd0cae7c5bce42a917c"},
    {file = "PySide6_Essentials-6.6.3.1-cp38-abi3-manylinux_2_31_aarch64.whl", hash = "sha256:27034525fdbdd21ef21f20fcd7aaf5c2ffe26f2bcf5269a69dd9492dec7e92aa"},
    {file = "PySide6_Essentials-6.6.3.1-cp38-abi3-win_amd64.whl", hash = "sha256:31f7e70ada44d3cdbe6686670b3df036c720cfeb1dced0f7704e5f5a4be6a764"},
]

[package.dependencies]
shiboken6 = "6.6.3.1"

[[package]]
name = "python-xlib"
version = "0.31"
description = "Python X Library"
optional = true
python-versions = "*"
groups = ["main"]
markers = "extra == \"v-two\" and sys_platform in \"linux\""
files = [
    {file = "python-xlib-0.31.tar.gz", hash = "sha256:74d83a081f532bc07f6d7afcd6416ec38403d68f68b9b9dc9e1f28fbf2d799e9"},
    {file = "python_xlib-0.31-py2.py3-none-any.whl", hash = "sha256:1ec6ce0de73d9e6592ead666779a5732b384e5b8fb1f1886bd0a81cafa477759"},
]

[package.dependencies]
six = ">=1.10.0"

[[package]]
name = "setuptools"
version = "68.0.0"
description = "Easily download, build, install, upgrade, and uninstall Python packages"
optional = false
python-versions = ">=3.7"
groups = ["dev"]
files = [
    {file = "setuptools-68.0.0-py3-none-any.whl", hash = "sha256:11e52c67415a381d10d6b462ced9cfb97066179f0e871399e006c4ab101fc85f"},
    {file = "setuptools-68.0.0.tar.gz", hash = "sha256:baf1fdb41c6da4cd2eae722e135500da913332ab3f2f5c7d33af9b492acb5235"},
]

[package.extras]
docs = ["furo", "jaraco.packaging (>=9)", "jaraco.tidelift (>=1.4)", "pygments-github-lexers (==0.0.5)", "rst.linker (>=1.9)", "sphinx (>=3.5)", "sphinx-favicon", "sphinx-hoverxref (<2)", "sphinx-inline-tabs", "sphinx-lint", "sphinx-notfound-page (==0.8.3)", "sphinx-reredirects", "sphinxcontrib-towncrier"]
testing = ["build[virtualenv]", "filelock (>=3.4.0)", "flake8-2020", "ini2toml[lite] (>=0.9)", "jaraco.envs (>=2.2)", "jaraco.path (>=3.2.0)", "pip (>=19.1)", "pip-run (>=8.8)", "pytest (>=6)", "pytest-black (>=0.3.7) ; platform_python_implementation != \"PyPy\"", "pytest-checkdocs (>=2.4)", "pytest-cov ; platform_python_implementation != \"PyPy\"", "pytest-enabler (>=1.3)", "pytest-mypy (>=0.9.1) ; platform_python_implementation != \"PyPy\"", "pytest-perf", "pytest-ruff ; sys_platform != \"cygwin\"", "pytest-timeout", "pytest-xdist", "tomli-w (>=1.0.0)", "virtualenv (>=13.0.0)", "wheel"]
testing-integration = ["build[virtualenv]", "filelock (>=3.4.0)", "jaraco.envs (>=2.2)", "jaraco.path (>=3.2.0)", "pytest", "pytest-enabler", "pytest-xdist", "tomli", "virtualenv (>=13.0.0)", "wheel"]

[[package]]
name = "shiboken2"
version = "5.15.2.1"
description = "Python / C++ bindings helper module"
optional = false
python-versions = ">=2.7, !=3.0.*, !=3.1.*, !=3.2.*, !=3.3.*, !=3.4.*, <3.11"
groups = ["dev"]
markers = "python_version < \"3.10\""
files = [
    {file = "shiboken2-5.15.2.1-5.15.2-cp27-cp27m-macosx_10_13_intel.whl", hash = "sha256:f890f5611ab8f48b88cfecb716da2ac55aef99e2923198cefcf781842888ea65"},
    {file = "shiboken2-5.15.2.1-5.15.2-cp27-cp27mu-manylinux1_x86_64.whl", hash = "sha256:87079c07587859a525b9800d60b1be971338ce9b371d6ead81f15ee5a46d448b"},
    {file = "shiboken2-5.15.2.1-5.15.2-cp35.cp36.cp37.cp38.cp39.cp310-abi3-macosx_10_13_intel.whl", hash = "sha256:ffd3d0ec3d508e592d7ee3885d27fee1f279a49989f734eb130f46d9501273a9"},
    {file = "shiboken2-5.15.2.1-5.15.2-cp35.cp36.cp37.cp38.cp39.cp310-abi3-manylinux1_x86_64.whl", hash = "sha256:63debfcc531b6a2b4985aa9b71433d2ad3bac542acffc729cc0ecaa3854390c0"},
    {file = "shiboken2-5.15.2.1-5.15.2-cp35.cp36.cp37.cp38.cp39.cp310-none-win32.whl", hash = "sha256:eb0da44b6fa60c6bd317b8f219e500595e94e0322b33ec5b4e9f406bedaee555"},
    {file = "shiboken2-5.15.2.1-5.15.2-cp35.cp36.cp37.cp38.cp39.cp310-none-win_amd64.whl", hash = "sha256:a0d0fdeb12b72c8af349b9642ccc67afd783dca449309f45e78cda50272fd6b7"},
]

[[package]]
name = "shiboken6"
version = "6.6.3.1"
description = "Python/C++ bindings helper module"
optional = false
python-versions = "<3.13,>=3.8"
groups = ["dev"]
markers = "python_version >= \"3.10\""
files = [
    {file = "shiboken6-6.6.3.1-cp38-abi3-macosx_11_0_universal2.whl", hash = "sha256:2a8df586aa9eb629388b368d3157893083c5217ed3eb637bf182d1948c823a0f"},
    {file = "shiboken6-6.6.3.1-cp38-abi3-manylinux_2_28_x86_64.whl", hash = "sha256:b1aeff0d79d84ddbdc9970144c1bbc3a52fcb45618d1b33d17d57f99f1246d45"},
    {file = "shiboken6-6.6.3.1-cp38-abi3-manylinux_2_31_aarch64.whl", hash = "sha256:902d9e126ac57cc3841cdc50ba38d53948b40cf667538172f253c4ae7b2dcb2c"},
    {file = "shiboken6-6.6.3.1-cp38-abi3-win_amd64.whl", hash = "sha256:88494b5e08a1f235efddbe2b0b225a3a66e07d72b6091fcc2fc5448572453649"},
]

[[package]]
name = "six"
version = "1.16.0"
description = "Python 2 and 3 compatibility utilities"
optional = true
python-versions = ">=2.7, !=3.0.*, !=3.1.*, !=3.2.*"
groups = ["main"]
markers = "extra == \"v-two\""
files = [
    {file = "six-1.16.0-py2.py3-none-any.whl", hash = "sha256:8abb2f1d86890a2dfb989f9a77cfcfd3e47c2a354b01111771326f8aa26e0254"},
    {file = "six-1.16.0.tar.gz", hash = "sha256:1e61c37477a1626458e36f7b1d82aa5c9b094fa4802892072e49de9c60c4c926"},
]

[extras]
v-two = ["pynput"]

[metadata]
lock-version = "2.1"
python-versions = "^3.7, <3.13"
content-hash = "67c3942d2a40d027ec01d6d7e2718087bd539d2eb6e405621be37f5766575306"
