[[package]]
name = "enum34"
version = "1.1.10"
description = "Python 3.4 Enum backported to 3.3, 3.2, 3.1, 2.7, 2.6, 2.5, and 2.4"
category = "main"
optional = true
python-versions = "*"

[[package]]
name = "evdev"
version = "1.5.0"
description = "Bindings to the Linux input handling subsystem"
category = "main"
optional = true
python-versions = "*"

[[package]]
name = "pynput"
version = "1.7.2"
description = "Monitor and control user input devices"
category = "main"
optional = true
python-versions = "*"

[package.dependencies]
enum34 = {version = "*", markers = "python_version == \"2.7\""}
evdev = {version = ">=1.3", markers = "sys_platform in \"linux\""}
pyobjc-framework-Quartz = {version = ">=3.0", markers = "sys_platform == \"darwin\""}
python-xlib = {version = ">=0.17", markers = "sys_platform in \"linux\""}
six = "*"

[[package]]
name = "pyobjc-core"
version = "5.3"
description = "Python<->ObjC Interoperability Module"
category = "main"
optional = true
python-versions = "*"

[[package]]
name = "pyobjc-framework-cocoa"
version = "5.3"
description = "Wrappers for the Cocoa frameworks on macOS"
category = "main"
optional = true
python-versions = "*"

[package.dependencies]
pyobjc-core = ">=5.3"

[[package]]
name = "pyobjc-framework-quartz"
version = "5.3"
description = "Wrappers for the Quartz frameworks on macOS"
category = "main"
optional = true
python-versions = "*"

[package.dependencies]
pyobjc-core = ">=5.3"
pyobjc-framework-Cocoa = ">=5.3"

[[package]]
name = "pyside2"
version = "5.15.2.1"
description = "Python bindings for the Qt cross-platform application and UI framework"
category = "dev"
optional = false
python-versions = ">=2.7, !=3.0.*, !=3.1.*, !=3.2.*, !=3.3.*, !=3.4.*, <3.11"

[package.dependencies]
shiboken2 = "5.15.2.1"

[[package]]
name = "python-xlib"
version = "0.31"
description = "Python X Library"
category = "main"
optional = true
python-versions = "*"

[package.dependencies]
six = ">=1.10.0"

[[package]]
name = "shiboken2"
version = "5.15.2.1"
description = "Python / C++ bindings helper module"
category = "dev"
optional = false
python-versions = ">=2.7, !=3.0.*, !=3.1.*, !=3.2.*, !=3.3.*, !=3.4.*, <3.11"

[[package]]
name = "six"
version = "1.16.0"
description = "Python 2 and 3 compatibility utilities"
category = "main"
optional = true
python-versions = ">=2.7, !=3.0.*, !=3.1.*, !=3.2.*"

[extras]
v-two = ["pynput"]

[metadata]
lock-version = "1.1"
python-versions = "2.7.*"
content-hash = "2cda8aa3da1d8d0b740465dc323f7d54e125bf711885e142f66819738db3afd3"

[metadata.files]
enum34 = [
    {file = "enum34-1.1.10-py2-none-any.whl", hash = "sha256:a98a201d6de3f2ab3db284e70a33b0f896fbf35f8086594e8c9e74b909058d53"},
    {file = "enum34-1.1.10-py3-none-any.whl", hash = "sha256:c3858660960c984d6ab0ebad691265180da2b43f07e061c0f8dca9ef3cffd328"},
    {file = "enum34-1.1.10.tar.gz", hash = "sha256:cce6a7477ed816bd2542d03d53db9f0db935dd013b70f336a95c73979289f248"},
]
evdev = [
    {file = "evdev-1.5.0.tar.gz", hash = "sha256:5b33b174f7c84576e7dd6071e438bf5ad227da95efd4356a39fe4c8355412fe6"},
]
pynput = [
    {file = "pynput-1.7.2-py2.py3-none-any.whl", hash = "sha256:3ee18347a20be07b7185c9aa29f37c75d322f85ac8ec689ebb49ee39fa9dcb94"},
    {file = "pynput-1.7.2-py3.8.egg", hash = "sha256:65b3e826cc8f3397b67cd34bd1e0d340a1194f926cabd8b3bed8285c6af93dfd"},
    {file = "pynput-1.7.2.tar.gz", hash = "sha256:dd8b1ff2451e2b76c753e115ab20b6cfa73801c395f22987474f942726558fec"},
]
pyobjc-core = [
    {file = "pyobjc-core-5.3.tar.gz", hash = "sha256:07554c7fb02a980a2a648f567441cd0bf031a15a7afe284cda197bd4d8b443e3"},
    {file = "pyobjc_core-5.3-cp27-cp27m-macosx_10_6_intel.whl", hash = "sha256:b96a79e04f88cb6920ff3c5d067d44dc28102daab0b34ff4e6f8c498af5e3f80"},
    {file = "pyobjc_core-5.3-cp27-cp27m-macosx_10_9_x86_64.whl", hash = "sha256:5b5d9d7e8c5d11b1efff84daf5f24d5e10c235f3dc66c7948b978e8ef277f2ca"},
    {file = "pyobjc_core-5.3-cp34-cp34m-macosx_10_6_intel.whl", hash = "sha256:c6abe99229cd4fde824651e36f1d9cfbd6054f537db97b507e1e2c55b9dbb3aa"},
    {file = "pyobjc_core-5.3-cp35-cp35m-macosx_10_6_intel.whl", hash = "sha256:c35069cca043e2941cda65220b854002e6db91cd2b2f96c6259d0eac558a96e1"},
    {file = "pyobjc_core-5.3-cp36-cp36m-macosx_10_6_intel.whl", hash = "sha256:c7a8941fb9ef200d8f63370cf7b20f63cc4a6d2a9c37d7ea33d1c358c4ec5fe4"},
    {file = "pyobjc_core-5.3-cp36-cp36m-macosx_10_9_x86_64.whl", hash = "sha256:00f4e9526036d33f4b4c770dee76a4f26756e5f79e586be8a05bbe1d9ff312ec"},
    {file = "pyobjc_core-5.3-cp37-cp37m-macosx_10_6_intel.whl", hash = "sha256:bd2fa9f241f7a6745adf5f0b3d5de0fbdfd377bf384950921d3c5f6b1d440545"},
    {file = "pyobjc_core-5.3-cp37-cp37m-macosx_10_9_x86_64.whl", hash = "sha256:e35a397935ced28df5decb4ce080ffb64252eddeda757a55c53a39326c9c5147"},
    {file = "pyobjc_core-5.3-cp38-cp38-macosx_10_9_x86_64.whl", hash = "sha256:2a32cf7f2285d9dc4785ea48a7f482a71ad4e7d161fd95bf5e58e9305a69cf09"},
]
pyobjc-framework-cocoa = [
    {file = "pyobjc-framework-Cocoa-5.3.tar.gz", hash = "sha256:0b2d2f4a95d2634d1545c2d5cc949cb1b1bbfd73393d3c3b483be2a18906e568"},
    {file = "pyobjc_framework_Cocoa-5.3-cp27-cp27m-macosx_10_6_intel.whl", hash = "sha256:162e54d3fc06144de3ae244b53d3c2fe27fc99c80923f2ad6f4c884de7f4624b"},
    {file = "pyobjc_framework_Cocoa-5.3-cp27-cp27m-macosx_10_9_x86_64.whl", hash = "sha256:4a87394366e969d72ac1eb3fef69555a4bb7bfcfc6e6d35cdf014b07997e29bc"},
    {file = "pyobjc_framework_Cocoa-5.3-cp34-cp34m-macosx_10_6_intel.whl", hash = "sha256:5d809f2868ad1e3552cf6ddd82e6299f3927c33047969d0eab93344d2c892c5f"},
    {file = "pyobjc_framework_Cocoa-5.3-cp35-cp35m-macosx_10_6_intel.whl", hash = "sha256:ae070efea17e62cdf6e9ca90924ffe02bf85e5437eb860ca4739873bc5162020"},
    {file = "pyobjc_framework_Cocoa-5.3-cp36-cp36m-macosx_10_6_intel.whl", hash = "sha256:fe1831a2f5b9970522ab958bb3d91da4d522142213d825e8f04e427f782d63be"},
    {file = "pyobjc_framework_Cocoa-5.3-cp36-cp36m-macosx_10_9_x86_64.whl", hash = "sha256:38739b4fd0adeaf20ca243b4602bc8212211267d42f75b977ad16cfd9ac9751c"},
    {file = "pyobjc_framework_Cocoa-5.3-cp37-cp37m-macosx_10_6_intel.whl", hash = "sha256:ef4fea8d83252dbd23bfe5322eec52f7be491f733c34c6b18763157104908e1d"},
    {file = "pyobjc_framework_Cocoa-5.3-cp37-cp37m-macosx_10_9_x86_64.whl", hash = "sha256:6cc5496e5556c848ca3ab3eeba3b66481d91f53a9a49fd068dadbe87c9e3ca68"},
    {file = "pyobjc_framework_Cocoa-5.3-cp38-cp38-macosx_10_9_x86_64.whl", hash = "sha256:0a28b167c7cec5af0323166a08c8e7914da83f2205be14eb3bd9eb6c9fa69dc6"},
]
pyobjc-framework-quartz = [
    {file = "pyobjc-framework-Quartz-5.3.tar.gz", hash = "sha256:fb89be73ca9dff503375e7a73be5a957bf97c8308259ab733ddfdcc2f70a3fa4"},
    {file = "pyobjc_framework_Quartz-5.3-cp27-cp27m-macosx_10_6_intel.whl", hash = "sha256:c8cbc601edb049ad276d084b4a6df678460eff5bc5a0462de0ef39054993ae61"},
    {file = "pyobjc_framework_Quartz-5.3-cp27-cp27m-macosx_10_9_x86_64.whl", hash = "sha256:ade3fdf8887b366e66a18093eb93846efb627b3155cca460b756347226e77510"},
    {file = "pyobjc_framework_Quartz-5.3-cp34-cp34m-macosx_10_6_intel.whl", hash = "sha256:8aff4e4f99822d047606073b476443023db73a20c7603cdea7d531dd3c6d904c"},
    {file = "pyobjc_framework_Quartz-5.3-cp35-cp35m-macosx_10_6_intel.whl", hash = "sha256:4c7593cdc489d0eeb9a3ec89a4c325925e33d6d548030859f14718a626193d8c"},
    {file = "pyobjc_framework_Quartz-5.3-cp36-cp36m-macosx_10_6_intel.whl", hash = "sha256:6c5f7513391fcca2773223dcde37e5ba8c4e470821a08e8ee0a50194380e8a7f"},
    {file = "pyobjc_framework_Quartz-5.3-cp36-cp36m-macosx_10_9_x86_64.whl", hash = "sha256:8c4962a51ac4699e91ac99bf4ba8270b2d444b4ec8de901d4d774af49c9cb15c"},
    {file = "pyobjc_framework_Quartz-5.3-cp37-cp37m-macosx_10_6_intel.whl", hash = "sha256:5d8d6ef6aa3fb9346150d018a0c4050e71dbc84d624d11cb78f867b9c0212c42"},
    {file = "pyobjc_framework_Quartz-5.3-cp37-cp37m-macosx_10_9_x86_64.whl", hash = "sha256:b3792746cf63ed3a760e97bec2e8933b11d0ff5cfa87d78dab8cb4febcd5795a"},
    {file = "pyobjc_framework_Quartz-5.3-cp38-cp38-macosx_10_9_x86_64.whl", hash = "sha256:a2347421d5358d16eb976d0739c6c300179db656e49a86a5ef8c666bca0e0e54"},
]
pyside2 = [
    {file = "PySide2-5.15.2.1-5.15.2-cp27-cp27m-macosx_10_13_intel.whl", hash = "sha256:b5e1d92f26b0bbaefff67727ccbb2e1b577f2c0164b349b3d6e80febb4c5bde2"},
    {file = "PySide2-5.15.2.1-5.15.2-cp27-cp27mu-manylinux1_x86_64.whl", hash = "sha256:235240b6ec8206d9fdf0232472c6ef3241783d480425e5b54796f06e39ed23da"},
    {file = "PySide2-5.15.2.1-5.15.2-cp35.cp36.cp37.cp38.cp39.cp310-abi3-macosx_10_13_intel.whl", hash = "sha256:a9e2e6bbcb5d2ebb421e46e72244a0f4fe0943b2288115f80a863aacc1de1f06"},
    {file = "PySide2-5.15.2.1-5.15.2-cp35.cp36.cp37.cp38.cp39.cp310-abi3-manylinux1_x86_64.whl", hash = "sha256:23886c6391ebd916e835fa1b5ae66938048504fd3a2934ae3189a96cd5ac0b46"},
    {file = "PySide2-5.15.2.1-5.15.2-cp35.cp36.cp37.cp38.cp39.cp310-none-win32.whl", hash = "sha256:439509e53cfe05abbf9a99422a2cbad086408b0f9bf5e6f642ff1b13b1f8b055"},
    {file = "PySide2-5.15.2.1-5.15.2-cp35.cp36.cp37.cp38.cp39.cp310-none-win_amd64.whl", hash = "sha256:af6b263fe63ba6dea7eaebae80aa7b291491fe66f4f0057c0aafe780cc83da9d"},
]
python-xlib = [
    {file = "python-xlib-0.31.tar.gz", hash = "sha256:74d83a081f532bc07f6d7afcd6416ec38403d68f68b9b9dc9e1f28fbf2d799e9"},
    {file = "python_xlib-0.31-py2.py3-none-any.whl", hash = "sha256:1ec6ce0de73d9e6592ead666779a5732b384e5b8fb1f1886bd0a81cafa477759"},
]
shiboken2 = [
    {file = "shiboken2-5.15.2.1-5.15.2-cp27-cp27m-macosx_10_13_intel.whl", hash = "sha256:f890f5611ab8f48b88cfecb716da2ac55aef99e2923198cefcf781842888ea65"},
    {file = "shiboken2-5.15.2.1-5.15.2-cp27-cp27mu-manylinux1_x86_64.whl", hash = "sha256:87079c07587859a525b9800d60b1be971338ce9b371d6ead81f15ee5a46d448b"},
    {file = "shiboken2-5.15.2.1-5.15.2-cp35.cp36.cp37.cp38.cp39.cp310-abi3-macosx_10_13_intel.whl", hash = "sha256:ffd3d0ec3d508e592d7ee3885d27fee1f279a49989f734eb130f46d9501273a9"},
    {file = "shiboken2-5.15.2.1-5.15.2-cp35.cp36.cp37.cp38.cp39.cp310-abi3-manylinux1_x86_64.whl", hash = "sha256:63debfcc531b6a2b4985aa9b71433d2ad3bac542acffc729cc0ecaa3854390c0"},
    {file = "shiboken2-5.15.2.1-5.15.2-cp35.cp36.cp37.cp38.cp39.cp310-none-win32.whl", hash = "sha256:eb0da44b6fa60c6bd317b8f219e500595e94e0322b33ec5b4e9f406bedaee555"},
    {file = "shiboken2-5.15.2.1-5.15.2-cp35.cp36.cp37.cp38.cp39.cp310-none-win_amd64.whl", hash = "sha256:a0d0fdeb12b72c8af349b9642ccc67afd783dca449309f45e78cda50272fd6b7"},
]
six = [
    {file = "six-1.16.0-py2.py3-none-any.whl", hash = "sha256:8abb2f1d86890a2dfb989f9a77cfcfd3e47c2a354b01111771326f8aa26e0254"},
    {file = "six-1.16.0.tar.gz", hash = "sha256:1e61c37477a1626458e36f7b1d82aa5c9b094fa4802892072e49de9c60c4c926"},
]
